
Microsoft Visual Studio Solution File, Format Version 12.00
# Visual Studio Version 16
VisualStudioVersion = 16.0.30309.148
MinimumVisualStudioVersion = 10.0.40219.1
Project("{9A19103F-16F7-4668-BE54-9A1E7A4F7556}") = "Gestao-Salas-Back", "Gestao-Salas-Back\Gestao-Salas-Back.csproj", "{DA9EA65F-EBEA-4B26-A667-095151838A26}"
EndProject
Project("{FAE04EC0-301F-11D3-BF4B-00C04F79EFBC}") = "EFCore.Dominio", "EFCore.Dominio\EFCore.Dominio.csproj", "{FF9BD074-1AC8-4F89-815A-36EBA034E361}"
EndProject
Project("{FAE04EC0-301F-11D3-BF4B-00C04F79EFBC}") = "EFCore.Repo", "EFCore.Repo\EFCore.Repo.csproj", "{8F722D86-FC2E-457B-A7CB-C9087BC28ED9}"
EndProject
Global
	GlobalSection(SolutionConfigurationPlatforms) = preSolution
		Debug|Any CPU = Debug|Any CPU
		Release|Any CPU = Release|Any CPU
	EndGlobalSection
	GlobalSection(ProjectConfigurationPlatforms) = postSolution
		{DA9EA65F-EBEA-4B26-A667-095151838A26}.Debug|Any CPU.ActiveCfg = Debug|Any CPU
		{DA9EA65F-EBEA-4B26-A667-095151838A26}.Debug|Any CPU.Build.0 = Debug|Any CPU
		{DA9EA65F-EBEA-4B26-A667-095151838A26}.Release|Any CPU.ActiveCfg = Release|Any CPU
		{DA9EA65F-EBEA-4B26-A667-095151838A26}.Release|Any CPU.Build.0 = Release|Any CPU
		{FF9BD074-1AC8-4F89-815A-36EBA034E361}.Debug|Any CPU.ActiveCfg = Debug|Any CPU
		{FF9BD074-1AC8-4F89-815A-36EBA034E361}.Debug|Any CPU.Build.0 = Debug|Any CPU
		{FF9BD074-1AC8-4F89-815A-36EBA034E361}.Release|Any CPU.ActiveCfg = Release|Any CPU
		{FF9BD074-1AC8-4F89-815A-36EBA034E361}.Release|Any CPU.Build.0 = Release|Any CPU
		{8F722D86-FC2E-457B-A7CB-C9087BC28ED9}.Debug|Any CPU.ActiveCfg = Debug|Any CPU
		{8F722D86-FC2E-457B-A7CB-C9087BC28ED9}.Debug|Any CPU.Build.0 = Debug|Any CPU
		{8F722D86-FC2E-457B-A7CB-C9087BC28ED9}.Release|Any CPU.ActiveCfg = Release|Any CPU
		{8F722D86-FC2E-457B-A7CB-C9087BC28ED9}.Release|Any CPU.Build.0 = Release|Any CPU
	EndGlobalSection
	GlobalSection(SolutionProperties) = preSolution
		HideSolutionNode = FALSE
	EndGlobalSection
	GlobalSection(ExtensibilityGlobals) = postSolution
		SolutionGuid = {C48246C2-C708-4A36-AD5D-C9A0EFBF6CA0}
	EndGlobalSection
EndGlobal
